<?xml version="1.0" encoding="utf-8"?>
<Project ToolsVersion="4.0" xmlns="http://schemas.microsoft.com/developer/msbuild/2003">
  <ItemGroup>
    <Filter Include="资源文件">
      <UniqueIdentifier>{67DA6AB6-F800-4c08-8B7A-83BB121AAD01}</UniqueIdentifier>
      <Extensions>rc;ico;cur;bmp;dlg;rc2;rct;bin;rgs;gif;jpg;jpeg;jpe;resx;tiff;tif;png;wav;mfcribbon-ms</Extensions>
    </Filter>
    <Filter Include="头文件">
      <UniqueIdentifier>{93995380-89BD-4b04-88EB-625FBE52EBFB}</UniqueIdentifier>
      <Extensions>h;hh;hpp;hxx;h++;hm;inl;inc;ipp;xsd</Extensions>
    </Filter>
    <Filter Include="物编">
      <UniqueIdentifier>{650578f5-3f6d-4d24-b35a-d38c562013ce}</UniqueIdentifier>
    </Filter>
    <Filter Include="修复">
      <UniqueIdentifier>{1337f85e-2e1c-4e41-afe2-fb3d7d9f5ab9}</UniqueIdentifier>
    </Filter>
    <Filter Include="修复\JASS虚拟机">
      <UniqueIdentifier>{803ddfcb-b28c-44af-a3d3-e2fe4e66b27b}</UniqueIdentifier>
    </Filter>
    <Filter Include="物编\通魔">
      <UniqueIdentifier>{a2a9b90f-d66e-4c47-906d-4482f55f51b6}</UniqueIdentifier>
    </Filter>
    <Filter Include="X JAPI 函数">
      <UniqueIdentifier>{4FC737F1-C7A5-4376-A066-2A32D752A2FF}</UniqueIdentifier>
      <Extensions>cpp;c;cc;cxx;c++;cppm;ixx;def;odl;idl;hpj;bat;asm;asmx</Extensions>
    </Filter>
    <Filter Include="事件">
      <UniqueIdentifier>{5306f89a-d930-411d-8f9e-741528cefb2c}</UniqueIdentifier>
    </Filter>
    <Filter Include="事件\单位">
      <UniqueIdentifier>{d00167f2-70f0-4fef-a70e-8dba4bafaa0c}</UniqueIdentifier>
    </Filter>
    <Filter Include="事件\共享库">
      <UniqueIdentifier>{8d5250bd-c749-48ed-98c1-8189ec08293f}</UniqueIdentifier>
    </Filter>
    <Filter Include="魔兽函数">
      <UniqueIdentifier>{73856b22-898c-42c6-afc4-079f886c98b6}</UniqueIdentifier>
    </Filter>
  </ItemGroup>
  <ItemGroup>
    <ResourceCompile Include="Resource.rc">
      <Filter>资源文件</Filter>
    </ResourceCompile>
  </ItemGroup>
  <ItemGroup>
    <None Include="version.h">
      <Filter>资源文件</Filter>
    </None>
  </ItemGroup>
  <ItemGroup>
    <ClInclude Include="resource.h">
      <Filter>资源文件</Filter>
    </ClInclude>
    <ClInclude Include="qmatrix.h">
      <Filter>头文件</Filter>
    </ClInclude>
    <ClInclude Include="TriggerEvent.h">
      <Filter>事件\共享库</Filter>
    </ClInclude>
    <ClInclude Include="util.h">
      <Filter>头文件</Filter>
    </ClInclude>
    <ClInclude Include="CAgentTimer.h">
      <Filter>魔兽函数</Filter>
    </ClInclude>
  </ItemGroup>
  <ItemGroup>
    <ClCompile Include="dllmain.cpp" />
    <ClCompile Include="Attack.cpp">
      <Filter>事件\单位</Filter>
    </ClCompile>
    <ClCompile Include="CallNative.cpp">
      <Filter>修复\JASS虚拟机</Filter>
    </ClCompile>
    <ClCompile Include="ChannelFlag.cpp">
      <Filter>物编\通魔</Filter>
    </ClCompile>
    <ClCompile Include="TriggerEvent.cpp">
      <Filter>事件\共享库</Filter>
    </ClCompile>
    <ClCompile Include="Buff.cpp">
      <Filter>X JAPI 函数</Filter>
    </ClCompile>
    <ClCompile Include="Destructable.cpp">
      <Filter>X JAPI 函数</Filter>
    </ClCompile>
    <ClCompile Include="Effect.cpp">
      <Filter>X JAPI 函数</Filter>
    </ClCompile>
    <ClCompile Include="Frame.cpp">
      <Filter>X JAPI 函数</Filter>
    </ClCompile>
    <ClCompile Include="Group.cpp">
      <Filter>X JAPI 函数</Filter>
    </ClCompile>
    <ClCompile Include="Hashtable.cpp">
      <Filter>X JAPI 函数</Filter>
    </ClCompile>
    <ClCompile Include="Item.cpp">
      <Filter>X JAPI 函数</Filter>
    </ClCompile>
    <ClCompile Include="JassVM.cpp">
      <Filter>X JAPI 函数</Filter>
    </ClCompile>
    <ClCompile Include="Sprite.cpp">
      <Filter>X JAPI 函数</Filter>
    </ClCompile>
    <ClCompile Include="Terrain.cpp">
      <Filter>X JAPI 函数</Filter>
    </ClCompile>
    <ClCompile Include="GameUI_Message.cpp">
      <Filter>X JAPI 函数</Filter>
    </ClCompile>
    <ClCompile Include="Timer.cpp">
      <Filter>X JAPI 函数</Filter>
    </ClCompile>
    <ClCompile Include="Unit.cpp">
      <Filter>X JAPI 函数</Filter>
    </ClCompile>
    <ClCompile Include="Util.cpp">
      <Filter>X JAPI 函数</Filter>
    </ClCompile>
    <ClCompile Include="Damage.cpp">
      <Filter>事件\单位</Filter>
    </ClCompile>
    <ClCompile Include="Inventory.cpp">
      <Filter>事件\单位</Filter>
    </ClCompile>
    <ClCompile Include="Ability.cpp">
      <Filter>X JAPI 函数</Filter>
    </ClCompile>
    <ClCompile Include="CAgentTimer.cpp">
      <Filter>魔兽函数</Filter>
    </ClCompile>
  </ItemGroup>
</Project>